// !$*UTF8*$!
{
	archiveVersion = 1;
	classes = {
	};
	objectVersion = 46;
	objects = {

/* Begin PBXBuildFile section */
		CAA6AA311C704970004F05B0 /* Helper.swift in Sources */ = {isa = PBXBuildFile; fileRef = CAA6AA301C704970004F05B0 /* Helper.swift */; };
		CAE30C531C67E16500D011EB /* CoreLocation.framework in Frameworks */ = {isa = PBXBuildFile; fileRef = CAE30C521C67E16500D011EB /* CoreLocation.framework */; };
		CAE362B11C4F2D4C00272DD5 /* AppDelegate.swift in Sources */ = {isa = PBXBuildFile; fileRef = CAE362B01C4F2D4C00272DD5 /* AppDelegate.swift */; };
		CAE362B31C4F2D4C00272DD5 /* DashboardViewController.swift in Sources */ = {isa = PBXBuildFile; fileRef = CAE362B21C4F2D4C00272DD5 /* DashboardViewController.swift */; };
		CAE362B61C4F2D4C00272DD5 /* Main.storyboard in Resources */ = {isa = PBXBuildFile; fileRef = CAE362B41C4F2D4C00272DD5 /* Main.storyboard */; };
		CAE362B81C4F2D4C00272DD5 /* Assets.xcassets in Resources */ = {isa = PBXBuildFile; fileRef = CAE362B71C4F2D4C00272DD5 /* Assets.xcassets */; };
		CAE362BB1C4F2D4C00272DD5 /* LaunchScreen.storyboard in Resources */ = {isa = PBXBuildFile; fileRef = CAE362B91C4F2D4C00272DD5 /* LaunchScreen.storyboard */; };
		CAE362C31C4F2F0E00272DD5 /* Keys.plist in Resources */ = {isa = PBXBuildFile; fileRef = CAE362C21C4F2F0E00272DD5 /* Keys.plist */; };
		F147274A4DB190275CF82164 /* Pods_Kitsch.framework in Frameworks */ = {isa = PBXBuildFile; fileRef = 3156D347DDB7FA5298D3BEF7 /* Pods_Kitsch.framework */; };
/* End PBXBuildFile section */

/* Begin PBXFileReference section */
		3156D347DDB7FA5298D3BEF7 /* Pods_Kitsch.framework */ = {isa = PBXFileReference; explicitFileType = wrapper.framework; includeInIndex = 0; path = Pods_Kitsch.framework; sourceTree = BUILT_PRODUCTS_DIR; };
		A1B956278762D268E3F51F4B /* Pods-Kitsch.release.xcconfig */ = {isa = PBXFileReference; includeInIndex = 1; lastKnownFileType = text.xcconfig; name = "Pods-Kitsch.release.xcconfig"; path = "Pods/Target Support Files/Pods-Kitsch/Pods-Kitsch.release.xcconfig"; sourceTree = "<group>"; };
		A4C75783FC824FDE8824DECC /* Pods-Kitsch.debug.xcconfig */ = {isa = PBXFileReference; includeInIndex = 1; lastKnownFileType = text.xcconfig; name = "Pods-Kitsch.debug.xcconfig"; path = "Pods/Target Support Files/Pods-Kitsch/Pods-Kitsch.debug.xcconfig"; sourceTree = "<group>"; };
		CAA6AA301C704970004F05B0 /* Helper.swift */ = {isa = PBXFileReference; fileEncoding = 4; lastKnownFileType = sourcecode.swift; path = Helper.swift; sourceTree = "<group>"; };
		CAE30C521C67E16500D011EB /* CoreLocation.framework */ = {isa = PBXFileReference; lastKnownFileType = wrapper.framework; name = CoreLocation.framework; path = System/Library/Frameworks/CoreLocation.framework; sourceTree = SDKROOT; };
		CAE362AD1C4F2D4C00272DD5 /* Kitsch.app */ = {isa = PBXFileReference; explicitFileType = wrapper.application; includeInIndex = 0; path = Kitsch.app; sourceTree = BUILT_PRODUCTS_DIR; };
		CAE362B01C4F2D4C00272DD5 /* AppDelegate.swift */ = {isa = PBXFileReference; lastKnownFileType = sourcecode.swift; path = AppDelegate.swift; sourceTree = "<group>"; };
		CAE362B21C4F2D4C00272DD5 /* DashboardViewController.swift */ = {isa = PBXFileReference; lastKnownFileType = sourcecode.swift; path = DashboardViewController.swift; sourceTree = "<group>"; };
		CAE362B51C4F2D4C00272DD5 /* Base */ = {isa = PBXFileReference; lastKnownFileType = file.storyboard; name = Base; path = Base.lproj/Main.storyboard; sourceTree = "<group>"; };
		CAE362B71C4F2D4C00272DD5 /* Assets.xcassets */ = {isa = PBXFileReference; lastKnownFileType = folder.assetcatalog; path = Assets.xcassets; sourceTree = "<group>"; };
		CAE362BA1C4F2D4C00272DD5 /* Base */ = {isa = PBXFileReference; lastKnownFileType = file.storyboard; name = Base; path = Base.lproj/LaunchScreen.storyboard; sourceTree = "<group>"; };
		CAE362BC1C4F2D4C00272DD5 /* Info.plist */ = {isa = PBXFileReference; lastKnownFileType = text.plist.xml; path = Info.plist; sourceTree = "<group>"; };
		CAE362C21C4F2F0E00272DD5 /* Keys.plist */ = {isa = PBXFileReference; fileEncoding = 4; lastKnownFileType = text.plist.xml; path = Keys.plist; sourceTree = "<group>"; };
/* End PBXFileReference section */

/* Begin PBXFrameworksBuildPhase section */
		CAE362AA1C4F2D4C00272DD5 /* Frameworks */ = {
			isa = PBXFrameworksBuildPhase;
			buildActionMask = 2147483647;
			files = (
				CAE30C531C67E16500D011EB /* CoreLocation.framework in Frameworks */,
				F147274A4DB190275CF82164 /* Pods_Kitsch.framework in Frameworks */,
			);
			runOnlyForDeploymentPostprocessing = 0;
		};
/* End PBXFrameworksBuildPhase section */

/* Begin PBXGroup section */
		C63CE28EA3B1BB64A43F78C8 /* Frameworks */ = {
			isa = PBXGroup;
			children = (
				CAE30C521C67E16500D011EB /* CoreLocation.framework */,
				3156D347DDB7FA5298D3BEF7 /* Pods_Kitsch.framework */,
			);
			name = Frameworks;
			sourceTree = "<group>";
		};
		CAE362A41C4F2D4C00272DD5 = {
			isa = PBXGroup;
			children = (
				CAE362AF1C4F2D4C00272DD5 /* Kitsch */,
				CAE362AE1C4F2D4C00272DD5 /* Products */,
				F14F1F67FAD798871A6F43F7 /* Pods */,
				C63CE28EA3B1BB64A43F78C8 /* Frameworks */,
			);
			sourceTree = "<group>";
		};
		CAE362AE1C4F2D4C00272DD5 /* Products */ = {
			isa = PBXGroup;
			children = (
				CAE362AD1C4F2D4C00272DD5 /* Kitsch.app */,
			);
			name = Products;
			sourceTree = "<group>";
		};
		CAE362AF1C4F2D4C00272DD5 /* Kitsch */ = {
			isa = PBXGroup;
			children = (
				CAE362B01C4F2D4C00272DD5 /* AppDelegate.swift */,
				CAE362B21C4F2D4C00272DD5 /* DashboardViewController.swift */,
				CAE362B41C4F2D4C00272DD5 /* Main.storyboard */,
				CAE362B71C4F2D4C00272DD5 /* Assets.xcassets */,
				CAE362B91C4F2D4C00272DD5 /* LaunchScreen.storyboard */,
				CAE362BC1C4F2D4C00272DD5 /* Info.plist */,
				CAE362C21C4F2F0E00272DD5 /* Keys.plist */,
				CAA6AA301C704970004F05B0 /* Helper.swift */,
			);
			path = Kitsch;
			sourceTree = "<group>";
		};
		F14F1F67FAD798871A6F43F7 /* Pods */ = {
			isa = PBXGroup;
			children = (
				A4C75783FC824FDE8824DECC /* Pods-Kitsch.debug.xcconfig */,
				A1B956278762D268E3F51F4B /* Pods-Kitsch.release.xcconfig */,
			);
			name = Pods;
			sourceTree = "<group>";
		};
/* End PBXGroup section */

/* Begin PBXNativeTarget section */
		CAE362AC1C4F2D4C00272DD5 /* Kitsch */ = {
			isa = PBXNativeTarget;
			buildConfigurationList = CAE362BF1C4F2D4C00272DD5 /* Build configuration list for PBXNativeTarget "Kitsch" */;
			buildPhases = (
				AD6417FECAE6E3751C8F5964 /* Check Pods Manifest.lock */,
				CAE362A91C4F2D4C00272DD5 /* Sources */,
				CAE362AA1C4F2D4C00272DD5 /* Frameworks */,
				CAE362AB1C4F2D4C00272DD5 /* Resources */,
				7A3C61A039A48083D290EC4A /* Embed Pods Frameworks */,
				1685E671333B19DC3369D41B /* Copy Pods Resources */,
			);
			buildRules = (
			);
			dependencies = (
			);
			name = Kitsch;
			productName = Kitsch;
			productReference = CAE362AD1C4F2D4C00272DD5 /* Kitsch.app */;
			productType = "com.apple.product-type.application";
		};
/* End PBXNativeTarget section */

/* Begin PBXProject section */
		CAE362A51C4F2D4C00272DD5 /* Project object */ = {
			isa = PBXProject;
			attributes = {
				LastSwiftUpdateCheck = 0720;
				LastUpgradeCheck = 0720;
				ORGANIZATIONNAME = "Ben Ashman";
				TargetAttributes = {
					CAE362AC1C4F2D4C00272DD5 = {
						CreatedOnToolsVersion = 7.2;
						DevelopmentTeam = FG8F72SY67;
					};
				};
			};
			buildConfigurationList = CAE362A81C4F2D4C00272DD5 /* Build configuration list for PBXProject "Kitsch" */;
			compatibilityVersion = "Xcode 3.2";
			developmentRegion = English;
			hasScannedForEncodings = 0;
			knownRegions = (
				en,
				Base,
			);
			mainGroup = CAE362A41C4F2D4C00272DD5;
			productRefGroup = CAE362AE1C4F2D4C00272DD5 /* Products */;
			projectDirPath = "";
			projectRoot = "";
			targets = (
				CAE362AC1C4F2D4C00272DD5 /* Kitsch */,
			);
		};
/* End PBXProject section */

/* Begin PBXResourcesBuildPhase section */
		CAE362AB1C4F2D4C00272DD5 /* Resources */ = {
			isa = PBXResourcesBuildPhase;
			buildActionMask = 2147483647;
			files = (
				CAE362C31C4F2F0E00272DD5 /* Keys.plist in Resources */,
				CAE362BB1C4F2D4C00272DD5 /* LaunchScreen.storyboard in Resources */,
				CAE362B81C4F2D4C00272DD5 /* Assets.xcassets in Resources */,
				CAE362B61C4F2D4C00272DD5 /* Main.storyboard in Resources */,
			);
			runOnlyForDeploymentPostprocessing = 0;
		};
/* End PBXResourcesBuildPhase section */

/* Begin PBXShellScriptBuildPhase section */
		1685E671333B19DC3369D41B /* Copy Pods Resources */ = {
			isa = PBXShellScriptBuildPhase;
			buildActionMask = 2147483647;
			files = (
			);
			inputPaths = (
			);
			name = "Copy Pods Resources";
			outputPaths = (
			);
			runOnlyForDeploymentPostprocessing = 0;
			shellPath = /bin/sh;
			shellScript = "\"${SRCROOT}/Pods/Target Support Files/Pods-Kitsch/Pods-Kitsch-resources.sh\"\n";
			showEnvVarsInLog = 0;
		};
		7A3C61A039A48083D290EC4A /* Embed Pods Frameworks */ = {
			isa = PBXShellScriptBuildPhase;
			buildActionMask = 2147483647;
			files = (
			);
			inputPaths = (
			);
			name = "Embed Pods Frameworks";
			outputPaths = (
			);
			runOnlyForDeploymentPostprocessing = 0;
			shellPath = /bin/sh;
			shellScript = "\"${SRCROOT}/Pods/Target Support Files/Pods-Kitsch/Pods-Kitsch-frameworks.sh\"\n";
			showEnvVarsInLog = 0;
		};
		AD6417FECAE6E3751C8F5964 /* Check Pods Manifest.lock */ = {
			isa = PBXShellScriptBuildPhase;
			buildActionMask = 2147483647;
			files = (
			);
			inputPaths = (
			);
			name = "Check Pods Manifest.lock";
			outputPaths = (
			);
			runOnlyForDeploymentPostprocessing = 0;
			shellPath = /bin/sh;
			shellScript = "diff \"${PODS_ROOT}/../Podfile.lock\" \"${PODS_ROOT}/Manifest.lock\" > /dev/null\nif [[ $? != 0 ]] ; then\n    cat << EOM\nerror: The sandbox is not in sync with the Podfile.lock. Run 'pod install' or update your CocoaPods installation.\nEOM\n    exit 1\nfi\n";
			showEnvVarsInLog = 0;
		};
/* End PBXShellScriptBuildPhase section */

/* Begin PBXSourcesBuildPhase section */
		CAE362A91C4F2D4C00272DD5 /* Sources */ = {
			isa = PBXSourcesBuildPhase;
			buildActionMask = 2147483647;
			files = (
				CAE362B31C4F2D4C00272DD5 /* DashboardViewController.swift in Sources */,
				CAE362B11C4F2D4C00272DD5 /* AppDelegate.swift in Sources */,
				CAA6AA311C704970004F05B0 /* Helper.swift in Sources */,
			);
			runOnlyForDeploymentPostprocessing = 0;
		};
/* End PBXSourcesBuildPhase section */

/* Begin PBXVariantGroup section */
		CAE362B41C4F2D4C00272DD5 /* Main.storyboard */ = {
			isa = PBXVariantGroup;
			children = (
				CAE362B51C4F2D4C00272DD5 /* Base */,
			);
			name = Main.storyboard;
			sourceTree = "<group>";
		};
		CAE362B91C4F2D4C00272DD5 /* LaunchScreen.storyboard */ = {
			isa = PBXVariantGroup;
			children = (
				CAE362BA1C4F2D4C00272DD5 /* Base */,
			);
			name = LaunchScreen.storyboard;
			sourceTree = "<group>";
		};
/* End PBXVariantGroup section */

/* Begin XCBuildConfiguration section */
		CAE362BD1C4F2D4C00272DD5 /* Debug */ = {
			isa = XCBuildConfiguration;
			buildSettings = {
				ALWAYS_SEARCH_USER_PATHS = NO;
				CLANG_CXX_LANGUAGE_STANDARD = "gnu++0x";
				CLANG_CXX_LIBRARY = "libc++";
				CLANG_ENABLE_MODULES = YES;
				CLANG_ENABLE_OBJC_ARC = YES;
				CLANG_WARN_BOOL_CONVERSION = YES;
				CLANG_WARN_CONSTANT_CONVERSION = YES;
				CLANG_WARN_DIRECT_OBJC_ISA_USAGE = YES_ERROR;
				CLANG_WARN_EMPTY_BODY = YES;
				CLANG_WARN_ENUM_CONVERSION = YES;
				CLANG_WARN_INT_CONVERSION = YES;
				CLANG_WARN_OBJC_ROOT_CLASS = YES_ERROR;
				CLANG_WARN_UNREACHABLE_CODE = YES;
				CLANG_WARN__DUPLICATE_METHOD_MATCH = YES;
				"CODE_SIGN_IDENTITY[sdk=iphoneos*]" = "iPhone Developer";
				COPY_PHASE_STRIP = NO;
				DEBUG_INFORMATION_FORMAT = dwarf;
				ENABLE_STRICT_OBJC_MSGSEND = YES;
				ENABLE_TESTABILITY = YES;
				GCC_C_LANGUAGE_STANDARD = gnu99;
				GCC_DYNAMIC_NO_PIC = NO;
				GCC_NO_COMMON_BLOCKS = YES;
				GCC_OPTIMIZATION_LEVEL = 0;
				GCC_PREPROCESSOR_DEFINITIONS = (
					"DEBUG=1",
					"$(inherited)",
				);
				GCC_WARN_64_TO_32_BIT_CONVERSION = YES;
				GCC_WARN_ABOUT_RETURN_TYPE = YES_ERROR;
				GCC_WARN_UNDECLARED_SELECTOR = YES;
				GCC_WARN_UNINITIALIZED_AUTOS = YES_AGGRESSIVE;
				GCC_WARN_UNUSED_FUNCTION = YES;
				GCC_WARN_UNUSED_VARIABLE = YES;
				IPHONEOS_DEPLOYMENT_TARGET = 9.2;
				MTL_ENABLE_DEBUG_INFO = YES;
				ONLY_ACTIVE_ARCH = YES;
				SDKROOT = iphoneos;
				SWIFT_OPTIMIZATION_LEVEL = "-Onone";
			};
			name = Debug;
		};
		CAE362BE1C4F2D4C00272DD5 /* Release */ = {
			isa = XCBuildConfiguration;
			buildSettings = {
				ALWAYS_SEARCH_USER_PATHS = NO;
				CLANG_CXX_LANGUAGE_STANDARD = "gnu++0x";
				CLANG_CXX_LIBRARY = "libc++";
				CLANG_ENABLE_MODULES = YES;
				CLANG_ENABLE_OBJC_ARC = YES;
				CLANG_WARN_BOOL_CONVERSION = YES;
				CLANG_WARN_CONSTANT_CONVERSION = YES;
				CLANG_WARN_DIRECT_OBJC_ISA_USAGE = YES_ERROR;
				CLANG_WARN_EMPTY_BODY = YES;
				CLANG_WARN_ENUM_CONVERSION = YES;
				CLANG_WARN_INT_CONVERSION = YES;
				CLANG_WARN_OBJC_ROOT_CLASS = YES_ERROR;
				CLANG_WARN_UNREACHABLE_CODE = YES;
				CLANG_WARN__DUPLICATE_METHOD_MATCH = YES;
				"CODE_SIGN_IDENTITY[sdk=iphoneos*]" = "iPhone Developer";
				COPY_PHASE_STRIP = NO;
				DEBUG_INFORMATION_FORMAT = "dwarf-with-dsym";
				ENABLE_NS_ASSERTIONS = NO;
				ENABLE_STRICT_OBJC_MSGSEND = YES;
				GCC_C_LANGUAGE_STANDARD = gnu99;
				GCC_NO_COMMON_BLOCKS = YES;
				GCC_WARN_64_TO_32_BIT_CONVERSION = YES;
				GCC_WARN_ABOUT_RETURN_TYPE = YES_ERROR;
				GCC_WARN_UNDECLARED_SELECTOR = YES;
				GCC_WARN_UNINITIALIZED_AUTOS = YES_AGGRESSIVE;
				GCC_WARN_UNUSED_FUNCTION = YES;
				GCC_WARN_UNUSED_VARIABLE = YES;
				IPHONEOS_DEPLOYMENT_TARGET = 9.2;
				MTL_ENABLE_DEBUG_INFO = NO;
				SDKROOT = iphoneos;
				VALIDATE_PRODUCT = YES;
			};
			name = Release;
		};
		CAE362C01C4F2D4C00272DD5 /* Debug */ = {
			isa = XCBuildConfiguration;
			baseConfigurationReference = A4C75783FC824FDE8824DECC /* Pods-Kitsch.debug.xcconfig */;
			buildSettings = {
				ASSETCATALOG_COMPILER_APPICON_NAME = AppIcon;
				INFOPLIST_FILE = Kitsch/Info.plist;
				LD_RUNPATH_SEARCH_PATHS = "$(inherited) @executable_path/Frameworks";
				PRODUCT_BUNDLE_IDENTIFIER = com.benashman.Kitsch;
				PRODUCT_NAME = "$(TARGET_NAME)";
			};
			name = Debug;
		};
		CAE362C11C4F2D4C00272DD5 /* Release */ = {
			isa = XCBuildConfiguration;
			baseConfigurationReference = A1B956278762D268E3F51F4B /* Pods-Kitsch.release.xcconfig */;
			buildSettings = {
				ASSETCATALOG_COMPILER_APPICON_NAME = AppIcon;
				INFOPLIST_FILE = Kitsch/Info.plist;
				LD_RUNPATH_SEARCH_PATHS = "$(inherited) @executable_path/Frameworks";
				PRODUCT_BUNDLE_IDENTIFIER = com.benashman.Kitsch;
				PRODUCT_NAME = "$(TARGET_NAME)";
			};
			name = Release;
		};
/* End XCBuildConfiguration section */

/* Begin XCConfigurationList section */
		CAE362A81C4F2D4C00272DD5 /* Build configuration list for PBXProject "Kitsch" */ = {
			isa = XCConfigurationList;
			buildConfigurations = (
				CAE362BD1C4F2D4C00272DD5 /* Debug */,
				CAE362BE1C4F2D4C00272DD5 /* Release */,
			);
			defaultConfigurationIsVisible = 0;
			defaultConfigurationName = Release;
		};
		CAE362BF1C4F2D4C00272DD5 /* Build configuration list for PBXNativeTarget "Kitsch" */ = {
			isa = XCConfigurationList;
			buildConfigurations = (
				CAE362C01C4F2D4C00272DD5 /* Debug */,
				CAE362C11C4F2D4C00272DD5 /* Release */,
			);
			defaultConfigurationIsVisible = 0;
			defaultConfigurationName = Release;
		};
/* End XCConfigurationList section */
	};
	rootObject = CAE362A51C4F2D4C00272DD5 /* Project object */;
}
